// !$*UTF8*$!
{
	archiveVersion = 1;
	classes = {
	};
	objectVersion = 50;
	objects = {

/* Begin PBXBuildFile section */
		F14BFC65238A8C89002F459E /* AppDelegate.swift in Sources */ = {isa = PBXBuildFile; fileRef = F14BFC64238A8C89002F459E /* AppDelegate.swift */; };
		F14BFC67238A8C89002F459E /* SceneDelegate.swift in Sources */ = {isa = PBXBuildFile; fileRef = F14BFC66238A8C89002F459E /* SceneDelegate.swift */; };
		F14BFC69238A8C89002F459E /* ContentView.swift in Sources */ = {isa = PBXBuildFile; fileRef = F14BFC68238A8C89002F459E /* ContentView.swift */; };
		F14BFC6B238A8C8B002F459E /* Assets.xcassets in Resources */ = {isa = PBXBuildFile; fileRef = F14BFC6A238A8C8B002F459E /* Assets.xcassets */; };
		F14BFC6E238A8C8B002F459E /* Preview Assets.xcassets in Resources */ = {isa = PBXBuildFile; fileRef = F14BFC6D238A8C8B002F459E /* Preview Assets.xcassets */; };
		F14BFC71238A8C8B002F459E /* LaunchScreen.storyboard in Resources */ = {isa = PBXBuildFile; fileRef = F14BFC6F238A8C8B002F459E /* LaunchScreen.storyboard */; };
		F14BFC7C238A965C002F459E /* Pacifico-Regular.ttf in Resources */ = {isa = PBXBuildFile; fileRef = F14BFC7B238A965C002F459E /* Pacifico-Regular.ttf */; };
		F14BFC7E238AC5F7002F459E /* Constants.swift in Sources */ = {isa = PBXBuildFile; fileRef = F14BFC7D238AC5F7002F459E /* Constants.swift */; };
		F14BFC82238ADAB5002F459E /* InfoView.swift in Sources */ = {isa = PBXBuildFile; fileRef = F14BFC81238ADAB5002F459E /* InfoView.swift */; };
/* End PBXBuildFile section */

/* Begin PBXFileReference section */
		F14BFC61238A8C89002F459E /* YuriiCard.app */ = {isa = PBXFileReference; explicitFileType = wrapper.application; includeInIndex = 0; path = YuriiCard.app; sourceTree = BUILT_PRODUCTS_DIR; };
		F14BFC64238A8C89002F459E /* AppDelegate.swift */ = {isa = PBXFileReference; lastKnownFileType = sourcecode.swift; path = AppDelegate.swift; sourceTree = "<group>"; };
		F14BFC66238A8C89002F459E /* SceneDelegate.swift */ = {isa = PBXFileReference; lastKnownFileType = sourcecode.swift; path = SceneDelegate.swift; sourceTree = "<group>"; };
		F14BFC68238A8C89002F459E /* ContentView.swift */ = {isa = PBXFileReference; lastKnownFileType = sourcecode.swift; path = ContentView.swift; sourceTree = "<group>"; };
		F14BFC6A238A8C8B002F459E /* Assets.xcassets */ = {isa = PBXFileReference; lastKnownFileType = folder.assetcatalog; path = Assets.xcassets; sourceTree = "<group>"; };
		F14BFC6D238A8C8B002F459E /* Preview Assets.xcassets */ = {isa = PBXFileReference; lastKnownFileType = folder.assetcatalog; path = "Preview Assets.xcassets"; sourceTree = "<group>"; };
		F14BFC70238A8C8B002F459E /* Base */ = {isa = PBXFileReference; lastKnownFileType = file.storyboard; name = Base; path = Base.lproj/LaunchScreen.storyboard; sourceTree = "<group>"; };
		F14BFC72238A8C8B002F459E /* Info.plist */ = {isa = PBXFileReference; lastKnownFileType = text.plist.xml; path = Info.plist; sourceTree = "<group>"; };
		F14BFC7B238A965C002F459E /* Pacifico-Regular.ttf */ = {isa = PBXFileReference; lastKnownFileType = file; path = "Pacifico-Regular.ttf"; sourceTree = "<group>"; };
		F14BFC7D238AC5F7002F459E /* Constants.swift */ = {isa = PBXFileReference; lastKnownFileType = sourcecode.swift; path = Constants.swift; sourceTree = "<group>"; };
		F14BFC81238ADAB5002F459E /* InfoView.swift */ = {isa = PBXFileReference; lastKnownFileType = sourcecode.swift; path = InfoView.swift; sourceTree = "<group>"; };
/* End PBXFileReference section */

/* Begin PBXFrameworksBuildPhase section */
		F14BFC5E238A8C89002F459E /* Frameworks */ = {
			isa = PBXFrameworksBuildPhase;
			buildActionMask = 2147483647;
			files = (
			);
			runOnlyForDeploymentPostprocessing = 0;
		};
/* End PBXFrameworksBuildPhase section */

/* Begin PBXGroup section */
		F14BFC58238A8C89002F459E = {
			isa = PBXGroup;
			children = (
				F14BFC63238A8C89002F459E /* YuriiCard */,
				F14BFC62238A8C89002F459E /* Products */,
			);
			sourceTree = "<group>";
		};
		F14BFC62238A8C89002F459E /* Products */ = {
			isa = PBXGroup;
			children = (
				F14BFC61238A8C89002F459E /* YuriiCard.app */,
			);
			name = Products;
			sourceTree = "<group>";
		};
		F14BFC63238A8C89002F459E /* YuriiCard */ = {
			isa = PBXGroup;
			children = (
				F14BFC78238A95CD002F459E /* Fonts */,
				F14BFC64238A8C89002F459E /* AppDelegate.swift */,
				F14BFC66238A8C89002F459E /* SceneDelegate.swift */,
				F14BFC68238A8C89002F459E /* ContentView.swift */,
				F14BFC6A238A8C8B002F459E /* Assets.xcassets */,
				F14BFC6F238A8C8B002F459E /* LaunchScreen.storyboard */,
				F14BFC72238A8C8B002F459E /* Info.plist */,
				F14BFC6C238A8C8B002F459E /* Preview Content */,
				F14BFC7D238AC5F7002F459E /* Constants.swift */,
				F14BFC81238ADAB5002F459E /* InfoView.swift */,
			);
			path = YuriiCard;
			sourceTree = "<group>";
		};
		F14BFC6C238A8C8B002F459E /* Preview Content */ = {
			isa = PBXGroup;
			children = (
				F14BFC6D238A8C8B002F459E /* Preview Assets.xcassets */,
			);
			path = "Preview Content";
			sourceTree = "<group>";
		};
		F14BFC78238A95CD002F459E /* Fonts */ = {
			isa = PBXGroup;
			children = (
				F14BFC7B238A965C002F459E /* Pacifico-Regular.ttf */,
			);
			path = Fonts;
			sourceTree = "<group>";
		};
/* End PBXGroup section */

/* Begin PBXNativeTarget section */
		F14BFC60238A8C89002F459E /* YuriiCard */ = {
			isa = PBXNativeTarget;
			buildConfigurationList = F14BFC75238A8C8B002F459E /* Build configuration list for PBXNativeTarget "YuriiCard" */;
			buildPhases = (
				F14BFC5D238A8C89002F459E /* Sources */,
				F14BFC5E238A8C89002F459E /* Frameworks */,
				F14BFC5F238A8C89002F459E /* Resources */,
			);
			buildRules = (
			);
			dependencies = (
			);
			name = YuriiCard;
			productName = YuriiCard;
			productReference = F14BFC61238A8C89002F459E /* YuriiCard.app */;
			productType = "com.apple.product-type.application";
		};
/* End PBXNativeTarget section */

/* Begin PBXProject section */
		F14BFC59238A8C89002F459E /* Project object */ = {
			isa = PBXProject;
			attributes = {
				LastSwiftUpdateCheck = 1120;
				LastUpgradeCheck = 1120;
				ORGANIZATIONNAME = "Yurii Sameliuk";
				TargetAttributes = {
					F14BFC60238A8C89002F459E = {
						CreatedOnToolsVersion = 11.2.1;
					};
				};
			};
			buildConfigurationList = F14BFC5C238A8C89002F459E /* Build configuration list for PBXProject "YuriiCard" */;
			compatibilityVersion = "Xcode 9.3";
			developmentRegion = en;
			hasScannedForEncodings = 0;
			knownRegions = (
				en,
				Base,
			);
			mainGroup = F14BFC58238A8C89002F459E;
			productRefGroup = F14BFC62238A8C89002F459E /* Products */;
			projectDirPath = "";
			projectRoot = "";
			targets = (
				F14BFC60238A8C89002F459E /* YuriiCard */,
			);
		};
/* End PBXProject section */

/* Begin PBXResourcesBuildPhase section */
		F14BFC5F238A8C89002F459E /* Resources */ = {
			isa = PBXResourcesBuildPhase;
			buildActionMask = 2147483647;
			files = (
				F14BFC71238A8C8B002F459E /* LaunchScreen.storyboard in Resources */,
				F14BFC7C238A965C002F459E /* Pacifico-Regular.ttf in Resources */,
				F14BFC6E238A8C8B002F459E /* Preview Assets.xcassets in Resources */,
				F14BFC6B238A8C8B002F459E /* Assets.xcassets in Resources */,
			);
			runOnlyForDeploymentPostprocessing = 0;
		};
/* End PBXResourcesBuildPhase section */

/* Begin PBXSourcesBuildPhase section */
		F14BFC5D238A8C89002F459E /* Sources */ = {
			isa = PBXSourcesBuildPhase;
			buildActionMask = 2147483647;
			files = (
				F14BFC65238A8C89002F459E /* AppDelegate.swift in Sources */,
				F14BFC67238A8C89002F459E /* SceneDelegate.swift in Sources */,
				F14BFC69238A8C89002F459E /* ContentView.swift in Sources */,
				F14BFC82238ADAB5002F459E /* InfoView.swift in Sources */,
				F14BFC7E238AC5F7002F459E /* Constants.swift in Sources */,
			);
			runOnlyForDeploymentPostprocessing = 0;
		};
/* End PBXSourcesBuildPhase section */

/* Begin PBXVariantGroup section */
		F14BFC6F238A8C8B002F459E /* LaunchScreen.storyboard */ = {
			isa = PBXVariantGroup;
			children = (
				F14BFC70238A8C8B002F459E /* Base */,
			);
			name = LaunchScreen.storyboard;
			sourceTree = "<group>";
		};
/* End PBXVariantGroup section */

/* Begin XCBuildConfiguration section */
		F14BFC73238A8C8B002F459E /* Debug */ = {
			isa = XCBuildConfiguration;
			buildSettings = {
				ALWAYS_SEARCH_USER_PATHS = NO;
				CLANG_ANALYZER_NONNULL = YES;
				CLANG_ANALYZER_NUMBER_OBJECT_CONVERSION = YES_AGGRESSIVE;
				CLANG_CXX_LANGUAGE_STANDARD = "gnu++14";
				CLANG_CXX_LIBRARY = "libc++";
				CLANG_ENABLE_MODULES = YES;
				CLANG_ENABLE_OBJC_ARC = YES;
				CLANG_ENABLE_OBJC_WEAK = YES;
				CLANG_WARN_BLOCK_CAPTURE_AUTORELEASING = YES;
				CLANG_WARN_BOOL_CONVERSION = YES;
				CLANG_WARN_COMMA = YES;
				CLANG_WARN_CONSTANT_CONVERSION = YES;
				CLANG_WARN_DEPRECATED_OBJC_IMPLEMENTATIONS = YES;
				CLANG_WARN_DIRECT_OBJC_ISA_USAGE = YES_ERROR;
				CLANG_WARN_DOCUMENTATION_COMMENTS = YES;
				CLANG_WARN_EMPTY_BODY = YES;
				CLANG_WARN_ENUM_CONVERSION = YES;
				CLANG_WARN_INFINITE_RECURSION = YES;
				CLANG_WARN_INT_CONVERSION = YES;
				CLANG_WARN_NON_LITERAL_NULL_CONVERSION = YES;
				CLANG_WARN_OBJC_IMPLICIT_RETAIN_SELF = YES;
				CLANG_WARN_OBJC_LITERAL_CONVERSION = YES;
				CLANG_WARN_OBJC_ROOT_CLASS = YES_ERROR;
				CLANG_WARN_RANGE_LOOP_ANALYSIS = YES;
				CLANG_WARN_STRICT_PROTOTYPES = YES;
				CLANG_WARN_SUSPICIOUS_MOVE = YES;
				CLANG_WARN_UNGUARDED_AVAILABILITY = YES_AGGRESSIVE;
				CLANG_WARN_UNREACHABLE_CODE = YES;
				CLANG_WARN__DUPLICATE_METHOD_MATCH = YES;
				COPY_PHASE_STRIP = NO;
				DEBUG_INFORMATION_FORMAT = dwarf;
				ENABLE_STRICT_OBJC_MSGSEND = YES;
				ENABLE_TESTABILITY = YES;
				GCC_C_LANGUAGE_STANDARD = gnu11;
				GCC_DYNAMIC_NO_PIC = NO;
				GCC_NO_COMMON_BLOCKS = YES;
				GCC_OPTIMIZATION_LEVEL = 0;
				GCC_PREPROCESSOR_DEFINITIONS = (
					"DEBUG=1",
					"$(inherited)",
				);
				GCC_WARN_64_TO_32_BIT_CONVERSION = YES;
				GCC_WARN_ABOUT_RETURN_TYPE = YES_ERROR;
				GCC_WARN_UNDECLARED_SELECTOR = YES;
				GCC_WARN_UNINITIALIZED_AUTOS = YES_AGGRESSIVE;
				GCC_WARN_UNUSED_FUNCTION = YES;
				GCC_WARN_UNUSED_VARIABLE = YES;
				IPHONEOS_DEPLOYMENT_TARGET = 13.2;
				MTL_ENABLE_DEBUG_INFO = INCLUDE_SOURCE;
				MTL_FAST_MATH = YES;
				ONLY_ACTIVE_ARCH = YES;
				SDKROOT = iphoneos;
				SWIFT_ACTIVE_COMPILATION_CONDITIONS = DEBUG;
				SWIFT_OPTIMIZATION_LEVEL = "-Onone";
			};
			name = Debug;
		};
		F14BFC74238A8C8B002F459E /* Release */ = {
			isa = XCBuildConfiguration;
			buildSettings = {
				ALWAYS_SEARCH_USER_PATHS = NO;
				CLANG_ANALYZER_NONNULL = YES;
				CLANG_ANALYZER_NUMBER_OBJECT_CONVERSION = YES_AGGRESSIVE;
				CLANG_CXX_LANGUAGE_STANDARD = "gnu++14";
				CLANG_CXX_LIBRARY = "libc++";
				CLANG_ENABLE_MODULES = YES;
				CLANG_ENABLE_OBJC_ARC = YES;
				CLANG_ENABLE_OBJC_WEAK = YES;
				CLANG_WARN_BLOCK_CAPTURE_AUTORELEASING = YES;
				CLANG_WARN_BOOL_CONVERSION = YES;
				CLANG_WARN_COMMA = YES;
				CLANG_WARN_CONSTANT_CONVERSION = YES;
				CLANG_WARN_DEPRECATED_OBJC_IMPLEMENTATIONS = YES;
				CLANG_WARN_DIRECT_OBJC_ISA_USAGE = YES_ERROR;
				CLANG_WARN_DOCUMENTATION_COMMENTS = YES;
				CLANG_WARN_EMPTY_BODY = YES;
				CLANG_WARN_ENUM_CONVERSION = YES;
				CLANG_WARN_INFINITE_RECURSION = YES;
				CLANG_WARN_INT_CONVERSION = YES;
				CLANG_WARN_NON_LITERAL_NULL_CONVERSION = YES;
				CLANG_WARN_OBJC_IMPLICIT_RETAIN_SELF = YES;
				CLANG_WARN_OBJC_LITERAL_CONVERSION = YES;
				CLANG_WARN_OBJC_ROOT_CLASS = YES_ERROR;
				CLANG_WARN_RANGE_LOOP_ANALYSIS = YES;
				CLANG_WARN_STRICT_PROTOTYPES = YES;
				CLANG_WARN_SUSPICIOUS_MOVE = YES;
				CLANG_WARN_UNGUARDED_AVAILABILITY = YES_AGGRESSIVE;
				CLANG_WARN_UNREACHABLE_CODE = YES;
				CLANG_WARN__DUPLICATE_METHOD_MATCH = YES;
				COPY_PHASE_STRIP = NO;
				DEBUG_INFORMATION_FORMAT = "dwarf-with-dsym";
				ENABLE_NS_ASSERTIONS = NO;
				ENABLE_STRICT_OBJC_MSGSEND = YES;
				GCC_C_LANGUAGE_STANDARD = gnu11;
				GCC_NO_COMMON_BLOCKS = YES;
				GCC_WARN_64_TO_32_BIT_CONVERSION = YES;
				GCC_WARN_ABOUT_RETURN_TYPE = YES_ERROR;
				GCC_WARN_UNDECLARED_SELECTOR = YES;
				GCC_WARN_UNINITIALIZED_AUTOS = YES_AGGRESSIVE;
				GCC_WARN_UNUSED_FUNCTION = YES;
				GCC_WARN_UNUSED_VARIABLE = YES;
				IPHONEOS_DEPLOYMENT_TARGET = 13.2;
				MTL_ENABLE_DEBUG_INFO = NO;
				MTL_FAST_MATH = YES;
				SDKROOT = iphoneos;
				SWIFT_COMPILATION_MODE = wholemodule;
				SWIFT_OPTIMIZATION_LEVEL = "-O";
				VALIDATE_PRODUCT = YES;
			};
			name = Release;
		};
		F14BFC76238A8C8B002F459E /* Debug */ = {
			isa = XCBuildConfiguration;
			buildSettings = {
				ASSETCATALOG_COMPILER_APPICON_NAME = AppIcon;
				CODE_SIGN_STYLE = Automatic;
				DEVELOPMENT_ASSET_PATHS = "\"YuriiCard/Preview Content\"";
				DEVELOPMENT_TEAM = RB6XL782P8;
				ENABLE_PREVIEWS = YES;
				INFOPLIST_FILE = YuriiCard/Info.plist;
				LD_RUNPATH_SEARCH_PATHS = (
					"$(inherited)",
					"@executable_path/Frameworks",
				);
				PRODUCT_BUNDLE_IDENTIFIER = com.sameliuk.YuriiCard;
				PRODUCT_NAME = "$(TARGET_NAME)";
				SWIFT_VERSION = 5.0;
				TARGETED_DEVICE_FAMILY = "1,2";
			};
			name = Debug;
		};
		F14BFC77238A8C8B002F459E /* Release */ = {
			isa = XCBuildConfiguration;
			buildSettings = {
				ASSETCATALOG_COMPILER_APPICON_NAME = AppIcon;
				CODE_SIGN_STYLE = Automatic;
				DEVELOPMENT_ASSET_PATHS = "\"YuriiCard/Preview Content\"";
				DEVELOPMENT_TEAM = RB6XL782P8;
				ENABLE_PREVIEWS = YES;
				INFOPLIST_FILE = YuriiCard/Info.plist;
				LD_RUNPATH_SEARCH_PATHS = (
					"$(inherited)",
					"@executable_path/Frameworks",
				);
				PRODUCT_BUNDLE_IDENTIFIER = com.sameliuk.YuriiCard;
				PRODUCT_NAME = "$(TARGET_NAME)";
				SWIFT_VERSION = 5.0;
				TARGETED_DEVICE_FAMILY = "1,2";
			};
			name = Release;
		};
/* End XCBuildConfiguration section */

/* Begin XCConfigurationList section */
		F14BFC5C238A8C89002F459E /* Build configuration list for PBXProject "YuriiCard" */ = {
			isa = XCConfigurationList;
			buildConfigurations = (
				F14BFC73238A8C8B002F459E /* Debug */,
				F14BFC74238A8C8B002F459E /* Release */,
			);
			defaultConfigurationIsVisible = 0;
			defaultConfigurationName = Release;
		};
		F14BFC75238A8C8B002F459E /* Build configuration list for PBXNativeTarget "YuriiCard" */ = {
			isa = XCConfigurationList;
			buildConfigurations = (
				F14BFC76238A8C8B002F459E /* Debug */,
				F14BFC77238A8C8B002F459E /* Release */,
			);
			defaultConfigurationIsVisible = 0;
			defaultConfigurationName = Release;
		};
/* End XCConfigurationList section */
	};
	rootObject = F14BFC59238A8C89002F459E /* Project object */;
}
